
Microsoft Visual Studio Solution File, Format Version 12.00
# Visual Studio Version 17
VisualStudioVersion = 17.4.33213.308
MinimumVisualStudioVersion = 10.0.40219.1
Project("{FAE04EC0-301F-11D3-BF4B-00C04F79EFBC}") = "DishesApplication", "DishesApplication.csproj", "{CC53EB03-484E-4DC6-AA8E-AA4C637722B8}"
EndProject
Project("{FAE04EC0-301F-11D3-BF4B-00C04F79EFBC}") = "SF2024User33Lib", "..\SF2024User33Lib\SF2024User33Lib.csproj", "{50EEDED7-602A-45E9-86E0-162CD147975A}"
EndProject
Project("{FAE04EC0-301F-11D3-BF4B-00C04F79EFBC}") = "UnitTestDishesApplication", "..\UnitTestDishesApplication\UnitTestDishesApplication.csproj", "{20C42C5E-797E-4D81-8C35-B45508745EE1}"
EndProject
Global
	GlobalSection(SolutionConfigurationPlatforms) = preSolution
		Debug|Any CPU = Debug|Any CPU
		Release|Any CPU = Release|Any CPU
	EndGlobalSection
	GlobalSection(ProjectConfigurationPlatforms) = postSolution
		{CC53EB03-484E-4DC6-AA8E-AA4C637722B8}.Debug|Any CPU.ActiveCfg = Debug|Any CPU
		{CC53EB03-484E-4DC6-AA8E-AA4C637722B8}.Debug|Any CPU.Build.0 = Debug|Any CPU
		{CC53EB03-484E-4DC6-AA8E-AA4C637722B8}.Release|Any CPU.ActiveCfg = Release|Any CPU
		{CC53EB03-484E-4DC6-AA8E-AA4C637722B8}.Release|Any CPU.Build.0 = Release|Any CPU
		{50EEDED7-602A-45E9-86E0-162CD147975A}.Debug|Any CPU.ActiveCfg = Debug|Any CPU
		{50EEDED7-602A-45E9-86E0-162CD147975A}.Debug|Any CPU.Build.0 = Debug|Any CPU
		{50EEDED7-602A-45E9-86E0-162CD147975A}.Release|Any CPU.ActiveCfg = Release|Any CPU
		{50EEDED7-602A-45E9-86E0-162CD147975A}.Release|Any CPU.Build.0 = Release|Any CPU
		{20C42C5E-797E-4D81-8C35-B45508745EE1}.Debug|Any CPU.ActiveCfg = Debug|Any CPU
		{20C42C5E-797E-4D81-8C35-B45508745EE1}.Debug|Any CPU.Build.0 = Debug|Any CPU
		{20C42C5E-797E-4D81-8C35-B45508745EE1}.Release|Any CPU.ActiveCfg = Release|Any CPU
		{20C42C5E-797E-4D81-8C35-B45508745EE1}.Release|Any CPU.Build.0 = Release|Any CPU
	EndGlobalSection
	GlobalSection(SolutionProperties) = preSolution
		HideSolutionNode = FALSE
	EndGlobalSection
	GlobalSection(ExtensibilityGlobals) = postSolution
		SolutionGuid = {5EABEFFF-9315-441E-9BBF-1358D889AE19}
	EndGlobalSection
EndGlobal
